
Microsoft Visual Studio Solution File, Format Version 12.00
# Visual Studio Version 17
VisualStudioVersion = 17.0.31903.59
MinimumVisualStudioVersion = 10.0.40219.1
Project("{FAE04EC0-301F-11D3-BF4B-00C04F79EFBC}") = "PedidosAPI.Api", "PedidosAPI.Api\PedidosAPI.Api.csproj", "{E2F8B636-D7AF-4BFB-A893-AD5C7F251C4F}"
EndProject
Project("{FAE04EC0-301F-11D3-BF4B-00C04F79EFBC}") = "PedidosAPI.Tests", "PedidosAPI.Tests\PedidosAPI.Tests.csproj", "{92740FF3-ED0A-4A6E-AEB6-5B808E1EFA96}"
EndProject
Global
	GlobalSection(SolutionConfigurationPlatforms) = preSolution
		Debug|Any CPU = Debug|Any CPU
		Release|Any CPU = Release|Any CPU
	EndGlobalSection
	GlobalSection(SolutionProperties) = preSolution
		HideSolutionNode = FALSE
	EndGlobalSection
	GlobalSection(ProjectConfigurationPlatforms) = postSolution
		{E2F8B636-D7AF-4BFB-A893-AD5C7F251C4F}.Debug|Any CPU.ActiveCfg = Debug|Any CPU
		{E2F8B636-D7AF-4BFB-A893-AD5C7F251C4F}.Debug|Any CPU.Build.0 = Debug|Any CPU
		{E2F8B636-D7AF-4BFB-A893-AD5C7F251C4F}.Release|Any CPU.ActiveCfg = Release|Any CPU
		{E2F8B636-D7AF-4BFB-A893-AD5C7F251C4F}.Release|Any CPU.Build.0 = Release|Any CPU
		{92740FF3-ED0A-4A6E-AEB6-5B808E1EFA96}.Debug|Any CPU.ActiveCfg = Debug|Any CPU
		{92740FF3-ED0A-4A6E-AEB6-5B808E1EFA96}.Debug|Any CPU.Build.0 = Debug|Any CPU
		{92740FF3-ED0A-4A6E-AEB6-5B808E1EFA96}.Release|Any CPU.ActiveCfg = Release|Any CPU
		{92740FF3-ED0A-4A6E-AEB6-5B808E1EFA96}.Release|Any CPU.Build.0 = Release|Any CPU
	EndGlobalSection
EndGlobal
